
Microsoft Visual Studio Solution File, Format Version 12.00
# Visual Studio 15
VisualStudioVersion = 15.0.26430.16
MinimumVisualStudioVersion = 10.0.40219.1
Project("{9A19103F-16F7-4668-BE54-9A1E7A4F7556}") = "Securities", "Securities\Securities.csproj", "{9B27B74E-5279-4477-B600-70A4B4E8B1F1}"
EndProject
Project("{9A19103F-16F7-4668-BE54-9A1E7A4F7556}") = "GoogleFinanceDownload", "GoogleFinanceDownload\GoogleFinanceDownload.csproj", "{F8F4DF72-F9B7-4CD9-A524-C49507AE4A31}"
EndProject
Project("{9A19103F-16F7-4668-BE54-9A1E7A4F7556}") = "Optimize", "Optimize\Optimize.csproj", "{455061F1-D92F-4832-B07C-477C50E2001A}"
EndProject
Project("{9A19103F-16F7-4668-BE54-9A1E7A4F7556}") = "UnitTests", "UnitTests\UnitTests.csproj", "{B9F90443-4356-4EFF-ADFA-AF4CC13B2EDA}"
EndProject
Project("{9A19103F-16F7-4668-BE54-9A1E7A4F7556}") = "Analyzers", "Analyzers\Analyzers.csproj", "{6884962F-EC3D-49C6-B9BA-074D4445DCC3}"
EndProject
Project("{9A19103F-16F7-4668-BE54-9A1E7A4F7556}") = "BatchDownloader", "BatchDownloader\BatchDownloader.csproj", "{CA278095-3E85-4105-BC59-D47CB9E048D3}"
EndProject
Project("{9A19103F-16F7-4668-BE54-9A1E7A4F7556}") = "BatchOptimize", "BatchOptimize\BatchOptimize.csproj", "{6E8EC102-B78A-41C0-A358-FA4F366194B5}"
EndProject
Global
	GlobalSection(SolutionConfigurationPlatforms) = preSolution
		Debug|Any CPU = Debug|Any CPU
		Release|Any CPU = Release|Any CPU
	EndGlobalSection
	GlobalSection(ProjectConfigurationPlatforms) = postSolution
		{9B27B74E-5279-4477-B600-70A4B4E8B1F1}.Debug|Any CPU.ActiveCfg = Debug|Any CPU
		{9B27B74E-5279-4477-B600-70A4B4E8B1F1}.Debug|Any CPU.Build.0 = Debug|Any CPU
		{9B27B74E-5279-4477-B600-70A4B4E8B1F1}.Release|Any CPU.ActiveCfg = Release|Any CPU
		{9B27B74E-5279-4477-B600-70A4B4E8B1F1}.Release|Any CPU.Build.0 = Release|Any CPU
		{F8F4DF72-F9B7-4CD9-A524-C49507AE4A31}.Debug|Any CPU.ActiveCfg = Debug|Any CPU
		{F8F4DF72-F9B7-4CD9-A524-C49507AE4A31}.Debug|Any CPU.Build.0 = Debug|Any CPU
		{F8F4DF72-F9B7-4CD9-A524-C49507AE4A31}.Release|Any CPU.ActiveCfg = Release|Any CPU
		{F8F4DF72-F9B7-4CD9-A524-C49507AE4A31}.Release|Any CPU.Build.0 = Release|Any CPU
		{455061F1-D92F-4832-B07C-477C50E2001A}.Debug|Any CPU.ActiveCfg = Debug|Any CPU
		{455061F1-D92F-4832-B07C-477C50E2001A}.Debug|Any CPU.Build.0 = Debug|Any CPU
		{455061F1-D92F-4832-B07C-477C50E2001A}.Release|Any CPU.ActiveCfg = Release|Any CPU
		{455061F1-D92F-4832-B07C-477C50E2001A}.Release|Any CPU.Build.0 = Release|Any CPU
		{B9F90443-4356-4EFF-ADFA-AF4CC13B2EDA}.Debug|Any CPU.ActiveCfg = Debug|Any CPU
		{B9F90443-4356-4EFF-ADFA-AF4CC13B2EDA}.Debug|Any CPU.Build.0 = Debug|Any CPU
		{B9F90443-4356-4EFF-ADFA-AF4CC13B2EDA}.Release|Any CPU.ActiveCfg = Release|Any CPU
		{B9F90443-4356-4EFF-ADFA-AF4CC13B2EDA}.Release|Any CPU.Build.0 = Release|Any CPU
		{6884962F-EC3D-49C6-B9BA-074D4445DCC3}.Debug|Any CPU.ActiveCfg = Debug|Any CPU
		{6884962F-EC3D-49C6-B9BA-074D4445DCC3}.Debug|Any CPU.Build.0 = Debug|Any CPU
		{6884962F-EC3D-49C6-B9BA-074D4445DCC3}.Release|Any CPU.ActiveCfg = Release|Any CPU
		{6884962F-EC3D-49C6-B9BA-074D4445DCC3}.Release|Any CPU.Build.0 = Release|Any CPU
		{CA278095-3E85-4105-BC59-D47CB9E048D3}.Debug|Any CPU.ActiveCfg = Debug|Any CPU
		{CA278095-3E85-4105-BC59-D47CB9E048D3}.Debug|Any CPU.Build.0 = Debug|Any CPU
		{CA278095-3E85-4105-BC59-D47CB9E048D3}.Release|Any CPU.ActiveCfg = Release|Any CPU
		{CA278095-3E85-4105-BC59-D47CB9E048D3}.Release|Any CPU.Build.0 = Release|Any CPU
		{6E8EC102-B78A-41C0-A358-FA4F366194B5}.Debug|Any CPU.ActiveCfg = Debug|Any CPU
		{6E8EC102-B78A-41C0-A358-FA4F366194B5}.Debug|Any CPU.Build.0 = Debug|Any CPU
		{6E8EC102-B78A-41C0-A358-FA4F366194B5}.Release|Any CPU.ActiveCfg = Release|Any CPU
		{6E8EC102-B78A-41C0-A358-FA4F366194B5}.Release|Any CPU.Build.0 = Release|Any CPU
	EndGlobalSection
	GlobalSection(SolutionProperties) = preSolution
		HideSolutionNode = FALSE
	EndGlobalSection
EndGlobal
